{
  "version": 4,
  "terraform_version": "1.15.6",
  "serial": 4,
  "lineage": "ec38c28b-86d8-3ef7-e520-c3c832f510d4",
  "outputs": {},
  "resources": [
    {
      "mode": "managed",
      "type": "local_file",
      "name": "app_config_dev",
      "provider": "provider[\"registry.terraform.io/hashicorp/local\"]",
      "instances": [
        {
          "schema_version": 0,
          "attributes": {
            "content": "Ambiente: dev\nProjeto: fiap-gitops\nTeam: plataforma\nOwner: parpinelli16\nVersao: 1.0.0\n",
            "content_base64": null,
            "content_base64sha256": "oy/nR/I/ehLtdxlCdO2jRwy1IwRRQK+lritsZfMMvvs=",
            "content_base64sha512": "0XuH+OZtiGfSFdlVQT764b8ZSBTwYJ+JyqJ4NBVnBI2w72OakY+LF1wNr79hMOelVcZKWT7kov3DzIzGTIjE1A==",
            "content_md5": "a941e825258171c6907893cdcd09dba0",
            "content_sha1": "561f6beb9a0ce1dd62d7d0ce3ca4764b5811740d",
            "content_sha256": "a32fe747f23f7a12ed77194274eda3470cb523045140afa5ae2b6c65f30cbefb",
            "content_sha512": "d17b87f8e66d8867d215d955413efae1bf194814f0609f89caa278341567048db0ef639a918f8b175c0dafbf6130e7a555c64a593ee4a2fdc3cc8cc64c88c4d4",
            "directory_permission": "0777",
            "file_permission": "0777",
            "filename": "/output/config-dev.txt",
            "id": "561f6beb9a0ce1dd62d7d0ce3ca4764b5811740d",
            "sensitive_content": null,
            "source": null
          },
          "sensitive_attributes": [
            [
              {
                "type": "get_attr",
                "value": "sensitive_content"
              }
            ]
          ],
          "identity_schema_version": 0
        }
      ]
    },
    {
      "mode": "managed",
      "type": "local_file",
      "name": "readme_dev",
      "provider": "provider[\"registry.terraform.io/hashicorp/local\"]",
      "instances": [
        {
          "schema_version": 0,
          "attributes": {
            "content": "Infraestrutura DEV provisionada via Terraform + GitOps",
            "content_base64": null,
            "content_base64sha256": "katdQUT7IGtxn3K51qrBbz/uZCYE6IMsr2zgx1P5tU0=",
            "content_base64sha512": "Cl8eMjt3Sjcan1jIcrSTQceR+Fp0P4HgxbLSKVicgOHLctKsi6fOkXBSZNemJJzhtIc3FyVv3soaOXvWWVcAwQ==",
            "content_md5": "c425ee63814006107b20c3fbdc88b592",
            "content_sha1": "0618bac6d01b1685c266295ac2e7599292fed6ee",
            "content_sha256": "91ab5d4144fb206b719f72b9d6aac16f3fee642604e8832caf6ce0c753f9b54d",
            "content_sha512": "0a5f1e323b774a371a9f58c872b49341c791f85a743f81e0c5b2d229589c80e1cb72d2ac8ba7ce91705264d7a6249ce1b4873717256fdeca1a397bd6595700c1",
            "directory_permission": "0777",
            "file_permission": "0777",
            "filename": "/output/readme-dev.txt",
            "id": "0618bac6d01b1685c266295ac2e7599292fed6ee",
            "sensitive_content": null,
            "source": null
          },
          "sensitive_attributes": [
            [
              {
                "type": "get_attr",
                "value": "sensitive_content"
              }
            ]
          ],
          "identity_schema_version": 0
        }
      ]
    }
  ],
  "check_results": null
}
